
Microsoft Visual Studio Solution File, Format Version 12.00
# Visual Studio Version 16
VisualStudioVersion = 16.0.32802.399
MinimumVisualStudioVersion = 10.0.40219.1
Project("{FAE04EC0-301F-11D3-BF4B-00C04F79EFBC}") = "pingpong", "pingpong\pingpong.csproj", "{28AE5D61-6FC5-493B-848F-DD9AF9A55B7A}"
EndProject
Global
	GlobalSection(SolutionConfigurationPlatforms) = preSolution
		Debug|Any CPU = Debug|Any CPU
		Release|Any CPU = Release|Any CPU
	EndGlobalSection
	GlobalSection(ProjectConfigurationPlatforms) = postSolution
		{28AE5D61-6FC5-493B-848F-DD9AF9A55B7A}.Debug|Any CPU.ActiveCfg = Debug|Any CPU
		{28AE5D61-6FC5-493B-848F-DD9AF9A55B7A}.Debug|Any CPU.Build.0 = Debug|Any CPU
		{28AE5D61-6FC5-493B-848F-DD9AF9A55B7A}.Release|Any CPU.ActiveCfg = Release|Any CPU
		{28AE5D61-6FC5-493B-848F-DD9AF9A55B7A}.Release|Any CPU.Build.0 = Release|Any CPU
	EndGlobalSection
	GlobalSection(SolutionProperties) = preSolution
		HideSolutionNode = FALSE
	EndGlobalSection
	GlobalSection(ExtensibilityGlobals) = postSolution
		SolutionGuid = {C518FA6A-4BE3-44D5-BE19-00B392A6C805}
	EndGlobalSection
EndGlobal
